
Microsoft Visual Studio Solution File, Format Version 12.00
# Visual Studio Version 17
VisualStudioVersion = 17.6.33801.468
MinimumVisualStudioVersion = 10.0.40219.1
Project("{FAE04EC0-301F-11D3-BF4B-00C04F79EFBC}") = "NavOS 2.14.4-dev4", "NavOS 2.14.4-dev4.csproj", "{A0DC4FEF-B8CD-496D-B61E-372D07799E92}"
EndProject
Global
	GlobalSection(SolutionConfigurationPlatforms) = preSolution
		Debug|x64 = Debug|x64
	EndGlobalSection
	GlobalSection(ProjectConfigurationPlatforms) = postSolution
		{A0DC4FEF-B8CD-496D-B61E-372D07799E92}.Debug|x64.ActiveCfg = Debug|x64
		{A0DC4FEF-B8CD-496D-B61E-372D07799E92}.Debug|x64.Build.0 = Debug|x64
	EndGlobalSection
	GlobalSection(SolutionProperties) = preSolution
		HideSolutionNode = FALSE
	EndGlobalSection
	GlobalSection(ExtensibilityGlobals) = postSolution
		SolutionGuid = {09C6B7FE-4F8A-43E2-83FD-62DFF9C0F5B1}
	EndGlobalSection
EndGlobal
